
Microsoft Visual Studio Solution File, Format Version 12.00
# Visual Studio Version 16
VisualStudioVersion = 16.0.31605.320
MinimumVisualStudioVersion = 10.0.40219.1
Project("{9A19103F-16F7-4668-BE54-9A1E7A4F7556}") = "Prog3AT2-Two", "Prog3AT2-Two\Prog3AT2-Two.csproj", "{D859E38E-47D2-449D-AA13-3CAAE4660B24}"
EndProject
Project("{2150E333-8FDC-42A3-9474-1A3956D46DE8}") = "Solution Items", "Solution Items", "{47358610-DF57-4F5C-8A61-531F31F4D95C}"
	ProjectSection(SolutionItems) = preProject
		LICENSE = LICENSE
		README.md = README.md
	EndProjectSection
EndProject
Project("{9A19103F-16F7-4668-BE54-9A1E7A4F7556}") = "ConsoleAppTest", "ConsoleAppTest\ConsoleAppTest.csproj", "{A21A0E8C-8470-4047-B46E-7198182FA313}"
EndProject
Project("{9A19103F-16F7-4668-BE54-9A1E7A4F7556}") = "MyWpfNETCoreLib", "MyWpfNETCoreLib\MyWpfNETCoreLib.csproj", "{8677ACE0-02EA-4BE4-BD5C-843F15214275}"
EndProject
Project("{FAE04EC0-301F-11D3-BF4B-00C04F79EFBC}") = "MyNETCoreLib", "MyNETCoreLib\MyNETCoreLib.csproj", "{DB54BB7E-C44E-4842-A905-63909CB4B7AB}"
EndProject
Global
	GlobalSection(SolutionConfigurationPlatforms) = preSolution
		Debug|Any CPU = Debug|Any CPU
		Release|Any CPU = Release|Any CPU
	EndGlobalSection
	GlobalSection(ProjectConfigurationPlatforms) = postSolution
		{D859E38E-47D2-449D-AA13-3CAAE4660B24}.Debug|Any CPU.ActiveCfg = Debug|Any CPU
		{D859E38E-47D2-449D-AA13-3CAAE4660B24}.Debug|Any CPU.Build.0 = Debug|Any CPU
		{D859E38E-47D2-449D-AA13-3CAAE4660B24}.Release|Any CPU.ActiveCfg = Release|Any CPU
		{D859E38E-47D2-449D-AA13-3CAAE4660B24}.Release|Any CPU.Build.0 = Release|Any CPU
		{A21A0E8C-8470-4047-B46E-7198182FA313}.Debug|Any CPU.ActiveCfg = Debug|Any CPU
		{A21A0E8C-8470-4047-B46E-7198182FA313}.Debug|Any CPU.Build.0 = Debug|Any CPU
		{A21A0E8C-8470-4047-B46E-7198182FA313}.Release|Any CPU.ActiveCfg = Release|Any CPU
		{A21A0E8C-8470-4047-B46E-7198182FA313}.Release|Any CPU.Build.0 = Release|Any CPU
		{8677ACE0-02EA-4BE4-BD5C-843F15214275}.Debug|Any CPU.ActiveCfg = Debug|Any CPU
		{8677ACE0-02EA-4BE4-BD5C-843F15214275}.Debug|Any CPU.Build.0 = Debug|Any CPU
		{8677ACE0-02EA-4BE4-BD5C-843F15214275}.Release|Any CPU.ActiveCfg = Release|Any CPU
		{8677ACE0-02EA-4BE4-BD5C-843F15214275}.Release|Any CPU.Build.0 = Release|Any CPU
		{DB54BB7E-C44E-4842-A905-63909CB4B7AB}.Debug|Any CPU.ActiveCfg = Debug|Any CPU
		{DB54BB7E-C44E-4842-A905-63909CB4B7AB}.Debug|Any CPU.Build.0 = Debug|Any CPU
		{DB54BB7E-C44E-4842-A905-63909CB4B7AB}.Release|Any CPU.ActiveCfg = Release|Any CPU
		{DB54BB7E-C44E-4842-A905-63909CB4B7AB}.Release|Any CPU.Build.0 = Release|Any CPU
	EndGlobalSection
	GlobalSection(SolutionProperties) = preSolution
		HideSolutionNode = FALSE
	EndGlobalSection
	GlobalSection(ExtensibilityGlobals) = postSolution
		SolutionGuid = {9CA266C1-A7A2-4C02-8FFF-3AA298BC513C}
	EndGlobalSection
EndGlobal
